
Microsoft Visual Studio Solution File, Format Version 11.00
# Visual Studio 2010
Project("{FAE04EC0-301F-11D3-BF4B-00C04F79EFBC}") = "Fracture_Identification", "Fracture_Identification\Fracture_Identification.csproj", "{7EDE30C0-FE5D-4BE1-BBA5-00BF657DE102}"
EndProject
Global
	GlobalSection(SolutionConfigurationPlatforms) = preSolution
		Debug|x86 = Debug|x86
		Release|x86 = Release|x86
	EndGlobalSection
	GlobalSection(ProjectConfigurationPlatforms) = postSolution
		{7EDE30C0-FE5D-4BE1-BBA5-00BF657DE102}.Debug|x86.ActiveCfg = Debug|x86
		{7EDE30C0-FE5D-4BE1-BBA5-00BF657DE102}.Debug|x86.Build.0 = Debug|x86
		{7EDE30C0-FE5D-4BE1-BBA5-00BF657DE102}.Release|x86.ActiveCfg = Release|x86
		{7EDE30C0-FE5D-4BE1-BBA5-00BF657DE102}.Release|x86.Build.0 = Release|x86
	EndGlobalSection
	GlobalSection(SolutionProperties) = preSolution
		HideSolutionNode = FALSE
	EndGlobalSection
EndGlobal
